
Microsoft Visual Studio Solution File, Format Version 12.00
# Visual Studio 15
VisualStudioVersion = 15.0.27130.2010
MinimumVisualStudioVersion = 10.0.40219.1
Project("{FAE04EC0-301F-11D3-BF4B-00C04F79EFBC}") = "GazellaMobile.Android", "GazellaMobile\GazellaMobile.Android\GazellaMobile.Android.csproj", "{A3685526-D585-44E0-BF20-F4FD88137F2E}"
EndProject
Project("{FAE04EC0-301F-11D3-BF4B-00C04F79EFBC}") = "GazellaMobile.iOS", "GazellaMobile\GazellaMobile.iOS\GazellaMobile.iOS.csproj", "{3CC9998C-EDFB-4FA6-8B76-BD343BA0F95F}"
EndProject
Project("{FAE04EC0-301F-11D3-BF4B-00C04F79EFBC}") = "GazellaMobile", "GazellaMobile.Core\GazellaMobile.csproj", "{7DADB72D-5A9C-4986-8E23-A001328DDB3D}"
EndProject
Global
	GlobalSection(SolutionConfigurationPlatforms) = preSolution
		Ad-Hoc|Any CPU = Ad-Hoc|Any CPU
		Ad-Hoc|iPhone = Ad-Hoc|iPhone
		Ad-Hoc|iPhoneSimulator = Ad-Hoc|iPhoneSimulator
		AppStore|Any CPU = AppStore|Any CPU
		AppStore|iPhone = AppStore|iPhone
		AppStore|iPhoneSimulator = AppStore|iPhoneSimulator
		Debug|Any CPU = Debug|Any CPU
		Debug|iPhone = Debug|iPhone
		Debug|iPhoneSimulator = Debug|iPhoneSimulator
		Release|Any CPU = Release|Any CPU
		Release|iPhone = Release|iPhone
		Release|iPhoneSimulator = Release|iPhoneSimulator
	EndGlobalSection
	GlobalSection(ProjectConfigurationPlatforms) = postSolution
		{A3685526-D585-44E0-BF20-F4FD88137F2E}.Ad-Hoc|Any CPU.ActiveCfg = Release|Any CPU
		{A3685526-D585-44E0-BF20-F4FD88137F2E}.Ad-Hoc|Any CPU.Build.0 = Release|Any CPU
		{A3685526-D585-44E0-BF20-F4FD88137F2E}.Ad-Hoc|Any CPU.Deploy.0 = Release|Any CPU
		{A3685526-D585-44E0-BF20-F4FD88137F2E}.Ad-Hoc|iPhone.ActiveCfg = Release|Any CPU
		{A3685526-D585-44E0-BF20-F4FD88137F2E}.Ad-Hoc|iPhone.Build.0 = Release|Any CPU
		{A3685526-D585-44E0-BF20-F4FD88137F2E}.Ad-Hoc|iPhone.Deploy.0 = Release|Any CPU
		{A3685526-D585-44E0-BF20-F4FD88137F2E}.Ad-Hoc|iPhoneSimulator.ActiveCfg = Release|Any CPU
		{A3685526-D585-44E0-BF20-F4FD88137F2E}.Ad-Hoc|iPhoneSimulator.Build.0 = Release|Any CPU
		{A3685526-D585-44E0-BF20-F4FD88137F2E}.Ad-Hoc|iPhoneSimulator.Deploy.0 = Release|Any CPU
		{A3685526-D585-44E0-BF20-F4FD88137F2E}.AppStore|Any CPU.ActiveCfg = Release|Any CPU
		{A3685526-D585-44E0-BF20-F4FD88137F2E}.AppStore|Any CPU.Build.0 = Release|Any CPU
		{A3685526-D585-44E0-BF20-F4FD88137F2E}.AppStore|Any CPU.Deploy.0 = Release|Any CPU
		{A3685526-D585-44E0-BF20-F4FD88137F2E}.AppStore|iPhone.ActiveCfg = Release|Any CPU
		{A3685526-D585-44E0-BF20-F4FD88137F2E}.AppStore|iPhone.Build.0 = Release|Any CPU
		{A3685526-D585-44E0-BF20-F4FD88137F2E}.AppStore|iPhone.Deploy.0 = Release|Any CPU
		{A3685526-D585-44E0-BF20-F4FD88137F2E}.AppStore|iPhoneSimulator.ActiveCfg = Release|Any CPU
		{A3685526-D585-44E0-BF20-F4FD88137F2E}.AppStore|iPhoneSimulator.Build.0 = Release|Any CPU
		{A3685526-D585-44E0-BF20-F4FD88137F2E}.AppStore|iPhoneSimulator.Deploy.0 = Release|Any CPU
		{A3685526-D585-44E0-BF20-F4FD88137F2E}.Debug|Any CPU.ActiveCfg = Debug|Any CPU
		{A3685526-D585-44E0-BF20-F4FD88137F2E}.Debug|Any CPU.Build.0 = Debug|Any CPU
		{A3685526-D585-44E0-BF20-F4FD88137F2E}.Debug|Any CPU.Deploy.0 = Debug|Any CPU
		{A3685526-D585-44E0-BF20-F4FD88137F2E}.Debug|iPhone.ActiveCfg = Debug|Any CPU
		{A3685526-D585-44E0-BF20-F4FD88137F2E}.Debug|iPhone.Build.0 = Debug|Any CPU
		{A3685526-D585-44E0-BF20-F4FD88137F2E}.Debug|iPhone.Deploy.0 = Debug|Any CPU
		{A3685526-D585-44E0-BF20-F4FD88137F2E}.Debug|iPhoneSimulator.ActiveCfg = Debug|Any CPU
		{A3685526-D585-44E0-BF20-F4FD88137F2E}.Debug|iPhoneSimulator.Build.0 = Debug|Any CPU
		{A3685526-D585-44E0-BF20-F4FD88137F2E}.Debug|iPhoneSimulator.Deploy.0 = Debug|Any CPU
		{A3685526-D585-44E0-BF20-F4FD88137F2E}.Release|Any CPU.ActiveCfg = Release|Any CPU
		{A3685526-D585-44E0-BF20-F4FD88137F2E}.Release|Any CPU.Build.0 = Release|Any CPU
		{A3685526-D585-44E0-BF20-F4FD88137F2E}.Release|Any CPU.Deploy.0 = Release|Any CPU
		{A3685526-D585-44E0-BF20-F4FD88137F2E}.Release|iPhone.ActiveCfg = Release|Any CPU
		{A3685526-D585-44E0-BF20-F4FD88137F2E}.Release|iPhone.Build.0 = Release|Any CPU
		{A3685526-D585-44E0-BF20-F4FD88137F2E}.Release|iPhone.Deploy.0 = Release|Any CPU
		{A3685526-D585-44E0-BF20-F4FD88137F2E}.Release|iPhoneSimulator.ActiveCfg = Release|Any CPU
		{A3685526-D585-44E0-BF20-F4FD88137F2E}.Release|iPhoneSimulator.Build.0 = Release|Any CPU
		{A3685526-D585-44E0-BF20-F4FD88137F2E}.Release|iPhoneSimulator.Deploy.0 = Release|Any CPU
		{3CC9998C-EDFB-4FA6-8B76-BD343BA0F95F}.Ad-Hoc|Any CPU.ActiveCfg = Ad-Hoc|iPhone
		{3CC9998C-EDFB-4FA6-8B76-BD343BA0F95F}.Ad-Hoc|iPhone.ActiveCfg = Ad-Hoc|iPhone
		{3CC9998C-EDFB-4FA6-8B76-BD343BA0F95F}.Ad-Hoc|iPhone.Build.0 = Ad-Hoc|iPhone
		{3CC9998C-EDFB-4FA6-8B76-BD343BA0F95F}.Ad-Hoc|iPhoneSimulator.ActiveCfg = Ad-Hoc|iPhoneSimulator
		{3CC9998C-EDFB-4FA6-8B76-BD343BA0F95F}.Ad-Hoc|iPhoneSimulator.Build.0 = Ad-Hoc|iPhoneSimulator
		{3CC9998C-EDFB-4FA6-8B76-BD343BA0F95F}.AppStore|Any CPU.ActiveCfg = AppStore|iPhone
		{3CC9998C-EDFB-4FA6-8B76-BD343BA0F95F}.AppStore|iPhone.ActiveCfg = AppStore|iPhone
		{3CC9998C-EDFB-4FA6-8B76-BD343BA0F95F}.AppStore|iPhone.Build.0 = AppStore|iPhone
		{3CC9998C-EDFB-4FA6-8B76-BD343BA0F95F}.AppStore|iPhoneSimulator.ActiveCfg = AppStore|iPhoneSimulator
		{3CC9998C-EDFB-4FA6-8B76-BD343BA0F95F}.AppStore|iPhoneSimulator.Build.0 = AppStore|iPhoneSimulator
		{3CC9998C-EDFB-4FA6-8B76-BD343BA0F95F}.Debug|Any CPU.ActiveCfg = Debug|iPhone
		{3CC9998C-EDFB-4FA6-8B76-BD343BA0F95F}.Debug|iPhone.ActiveCfg = Debug|iPhone
		{3CC9998C-EDFB-4FA6-8B76-BD343BA0F95F}.Debug|iPhone.Build.0 = Debug|iPhone
		{3CC9998C-EDFB-4FA6-8B76-BD343BA0F95F}.Debug|iPhoneSimulator.ActiveCfg = Debug|iPhoneSimulator
		{3CC9998C-EDFB-4FA6-8B76-BD343BA0F95F}.Debug|iPhoneSimulator.Build.0 = Debug|iPhoneSimulator
		{3CC9998C-EDFB-4FA6-8B76-BD343BA0F95F}.Release|Any CPU.ActiveCfg = Release|iPhone
		{3CC9998C-EDFB-4FA6-8B76-BD343BA0F95F}.Release|iPhone.ActiveCfg = Release|iPhone
		{3CC9998C-EDFB-4FA6-8B76-BD343BA0F95F}.Release|iPhone.Build.0 = Release|iPhone
		{3CC9998C-EDFB-4FA6-8B76-BD343BA0F95F}.Release|iPhoneSimulator.ActiveCfg = Release|iPhoneSimulator
		{3CC9998C-EDFB-4FA6-8B76-BD343BA0F95F}.Release|iPhoneSimulator.Build.0 = Release|iPhoneSimulator
		{7DADB72D-5A9C-4986-8E23-A001328DDB3D}.Ad-Hoc|Any CPU.ActiveCfg = Debug|Any CPU
		{7DADB72D-5A9C-4986-8E23-A001328DDB3D}.Ad-Hoc|Any CPU.Build.0 = Debug|Any CPU
		{7DADB72D-5A9C-4986-8E23-A001328DDB3D}.Ad-Hoc|iPhone.ActiveCfg = Debug|Any CPU
		{7DADB72D-5A9C-4986-8E23-A001328DDB3D}.Ad-Hoc|iPhone.Build.0 = Debug|Any CPU
		{7DADB72D-5A9C-4986-8E23-A001328DDB3D}.Ad-Hoc|iPhoneSimulator.ActiveCfg = Debug|Any CPU
		{7DADB72D-5A9C-4986-8E23-A001328DDB3D}.Ad-Hoc|iPhoneSimulator.Build.0 = Debug|Any CPU
		{7DADB72D-5A9C-4986-8E23-A001328DDB3D}.AppStore|Any CPU.ActiveCfg = Debug|Any CPU
		{7DADB72D-5A9C-4986-8E23-A001328DDB3D}.AppStore|Any CPU.Build.0 = Debug|Any CPU
		{7DADB72D-5A9C-4986-8E23-A001328DDB3D}.AppStore|iPhone.ActiveCfg = Debug|Any CPU
		{7DADB72D-5A9C-4986-8E23-A001328DDB3D}.AppStore|iPhone.Build.0 = Debug|Any CPU
		{7DADB72D-5A9C-4986-8E23-A001328DDB3D}.AppStore|iPhoneSimulator.ActiveCfg = Debug|Any CPU
		{7DADB72D-5A9C-4986-8E23-A001328DDB3D}.AppStore|iPhoneSimulator.Build.0 = Debug|Any CPU
		{7DADB72D-5A9C-4986-8E23-A001328DDB3D}.Debug|Any CPU.ActiveCfg = Debug|Any CPU
		{7DADB72D-5A9C-4986-8E23-A001328DDB3D}.Debug|Any CPU.Build.0 = Debug|Any CPU
		{7DADB72D-5A9C-4986-8E23-A001328DDB3D}.Debug|iPhone.ActiveCfg = Debug|Any CPU
		{7DADB72D-5A9C-4986-8E23-A001328DDB3D}.Debug|iPhone.Build.0 = Debug|Any CPU
		{7DADB72D-5A9C-4986-8E23-A001328DDB3D}.Debug|iPhoneSimulator.ActiveCfg = Debug|Any CPU
		{7DADB72D-5A9C-4986-8E23-A001328DDB3D}.Debug|iPhoneSimulator.Build.0 = Debug|Any CPU
		{7DADB72D-5A9C-4986-8E23-A001328DDB3D}.Release|Any CPU.ActiveCfg = Release|Any CPU
		{7DADB72D-5A9C-4986-8E23-A001328DDB3D}.Release|Any CPU.Build.0 = Release|Any CPU
		{7DADB72D-5A9C-4986-8E23-A001328DDB3D}.Release|iPhone.ActiveCfg = Release|Any CPU
		{7DADB72D-5A9C-4986-8E23-A001328DDB3D}.Release|iPhone.Build.0 = Release|Any CPU
		{7DADB72D-5A9C-4986-8E23-A001328DDB3D}.Release|iPhoneSimulator.ActiveCfg = Release|Any CPU
		{7DADB72D-5A9C-4986-8E23-A001328DDB3D}.Release|iPhoneSimulator.Build.0 = Release|Any CPU
	EndGlobalSection
	GlobalSection(SolutionProperties) = preSolution
		HideSolutionNode = FALSE
	EndGlobalSection
	GlobalSection(ExtensibilityGlobals) = postSolution
		SolutionGuid = {86C30172-BE6E-4EA4-A7AC-04BABD085E45}
	EndGlobalSection
EndGlobal
